
Microsoft Visual Studio Solution File, Format Version 12.00
# Visual Studio Version 17
VisualStudioVersion = 17.12.35728.132
MinimumVisualStudioVersion = 10.0.40219.1
Project("{FAE04EC0-301F-11D3-BF4B-00C04F79EFBC}") = "MemoryIssue1", "MemoryIssue1\MemoryIssue1.csproj", "{1D192B57-ABE8-46EB-8EED-0380DAFBD378}"
EndProject
Project("{FAE04EC0-301F-11D3-BF4B-00C04F79EFBC}") = "MemoryIssue2", "Exercises\MemoryIssue2\MemoryIssue2.csproj", "{151A8709-B43D-4F49-8824-345FD0FB88DC}"
EndProject
Project("{FAE04EC0-301F-11D3-BF4B-00C04F79EFBC}") = "MemoryIssue3", "Exercises\MemoryIssue3\MemoryIssue3.csproj", "{167B255C-94FC-4A0C-A674-8FB922B2AB40}"
EndProject
Project("{FAE04EC0-301F-11D3-BF4B-00C04F79EFBC}") = "Span", "Exercises\SpanAndMemory\Span.csproj", "{B6DC5853-B272-4858-8ACE-8BD944624404}"
EndProject
Project("{2150E333-8FDC-42A3-9474-1A3956D46DE8}") = "Exercises", "Exercises", "{73504F86-61CD-4FF7-B855-3C1112248E41}"
	ProjectSection(SolutionItems) = preProject
		Exercises\Exercise1.md = Exercises\Exercise1.md
		Exercises\Preparation.md = Exercises\Preparation.md
	EndProjectSection
EndProject
Global
	GlobalSection(SolutionConfigurationPlatforms) = preSolution
		Debug|Any CPU = Debug|Any CPU
		Release|Any CPU = Release|Any CPU
	EndGlobalSection
	GlobalSection(ProjectConfigurationPlatforms) = postSolution
		{1D192B57-ABE8-46EB-8EED-0380DAFBD378}.Debug|Any CPU.ActiveCfg = Debug|Any CPU
		{1D192B57-ABE8-46EB-8EED-0380DAFBD378}.Debug|Any CPU.Build.0 = Debug|Any CPU
		{1D192B57-ABE8-46EB-8EED-0380DAFBD378}.Release|Any CPU.ActiveCfg = Release|Any CPU
		{1D192B57-ABE8-46EB-8EED-0380DAFBD378}.Release|Any CPU.Build.0 = Release|Any CPU
		{151A8709-B43D-4F49-8824-345FD0FB88DC}.Debug|Any CPU.ActiveCfg = Debug|Any CPU
		{151A8709-B43D-4F49-8824-345FD0FB88DC}.Debug|Any CPU.Build.0 = Debug|Any CPU
		{151A8709-B43D-4F49-8824-345FD0FB88DC}.Release|Any CPU.ActiveCfg = Release|Any CPU
		{151A8709-B43D-4F49-8824-345FD0FB88DC}.Release|Any CPU.Build.0 = Release|Any CPU
		{167B255C-94FC-4A0C-A674-8FB922B2AB40}.Debug|Any CPU.ActiveCfg = Debug|Any CPU
		{167B255C-94FC-4A0C-A674-8FB922B2AB40}.Debug|Any CPU.Build.0 = Debug|Any CPU
		{167B255C-94FC-4A0C-A674-8FB922B2AB40}.Release|Any CPU.ActiveCfg = Release|Any CPU
		{167B255C-94FC-4A0C-A674-8FB922B2AB40}.Release|Any CPU.Build.0 = Release|Any CPU
		{B6DC5853-B272-4858-8ACE-8BD944624404}.Debug|Any CPU.ActiveCfg = Debug|Any CPU
		{B6DC5853-B272-4858-8ACE-8BD944624404}.Debug|Any CPU.Build.0 = Debug|Any CPU
		{B6DC5853-B272-4858-8ACE-8BD944624404}.Release|Any CPU.ActiveCfg = Release|Any CPU
		{B6DC5853-B272-4858-8ACE-8BD944624404}.Release|Any CPU.Build.0 = Release|Any CPU
	EndGlobalSection
	GlobalSection(SolutionProperties) = preSolution
		HideSolutionNode = FALSE
	EndGlobalSection
	GlobalSection(NestedProjects) = preSolution
		{151A8709-B43D-4F49-8824-345FD0FB88DC} = {73504F86-61CD-4FF7-B855-3C1112248E41}
		{167B255C-94FC-4A0C-A674-8FB922B2AB40} = {73504F86-61CD-4FF7-B855-3C1112248E41}
		{B6DC5853-B272-4858-8ACE-8BD944624404} = {73504F86-61CD-4FF7-B855-3C1112248E41}
	EndGlobalSection
EndGlobal
