
Microsoft Visual Studio Solution File, Format Version 12.00
# Visual Studio Version 17
VisualStudioVersion = 17.12.35728.132
MinimumVisualStudioVersion = 10.0.40219.1
Project("{FAE04EC0-301F-11D3-BF4B-00C04F79EFBC}") = "EventHandlerMemoryLeak", "EventHandlerMemoryLeak\EventHandlerMemoryLeak.csproj", "{CB63C8AA-FB80-468E-8A0A-CB54BC8E7116}"
EndProject
Project("{FAE04EC0-301F-11D3-BF4B-00C04F79EFBC}") = "MemoryLeakExamples", "MemoryLeakExamples\MemoryLeakExamples.csproj", "{3591C824-C85A-4251-9BFD-0103F26D8574}"
EndProject
Project("{FAE04EC0-301F-11D3-BF4B-00C04F79EFBC}") = "UnmanagedMemoryLeak", "UnmanagedMemoryLeak\UnmanagedMemoryLeak.csproj", "{05123F8A-ECC9-4F8B-83A0-6BC0C8C79461}"
EndProject
Project("{FAE04EC0-301F-11D3-BF4B-00C04F79EFBC}") = "FragmentedMemory32", "FragmentedMemory32\FragmentedMemory32.csproj", "{9D311D5F-FF7C-4483-B2BC-ED289216C3D5}"
EndProject
Project("{FAE04EC0-301F-11D3-BF4B-00C04F79EFBC}") = "FragmentedMemory", "FragmentedMemory\FragmentedMemory.csproj", "{952D33A2-1F0E-4550-8289-0D47BDFD575F}"
EndProject
Project("{FAE04EC0-301F-11D3-BF4B-00C04F79EFBC}") = "CausingGC", "CausingGC\CausingGC.csproj", "{9CEF7AAC-C641-4E69-A40D-8B41B709ED3F}"
EndProject
Project("{FAE04EC0-301F-11D3-BF4B-00C04F79EFBC}") = "Finalization", "Finalization\Finalization.csproj", "{6D20FA22-D7E4-4298-8C47-A0F08E9EF2C2}"
EndProject
Project("{FAE04EC0-301F-11D3-BF4B-00C04F79EFBC}") = "IDisposablePattern", "IDisposablePattern\IDisposablePattern.csproj", "{234BAFF8-655F-4719-AA0A-3B90D649903C}"
EndProject
Project("{FAE04EC0-301F-11D3-BF4B-00C04F79EFBC}") = "MemoryLeak", "MemoryLeak\MemoryLeak.csproj", "{5E036F42-7C01-4EC9-B73C-C83388C89207}"
EndProject
Project("{FAE04EC0-301F-11D3-BF4B-00C04F79EFBC}") = "MultiProperties", "MultiProperties\MultiProperties.csproj", "{BAEC5E93-76DC-4297-8DA6-B7BBB7C02971}"
EndProject
Project("{FAE04EC0-301F-11D3-BF4B-00C04F79EFBC}") = "MemoryLeaksExercise", "MemoryLeaksExercise\MemoryLeaksExercise.csproj", "{6C25A6F7-294A-4354-A510-8302812992DE}"
EndProject
Project("{2150E333-8FDC-42A3-9474-1A3956D46DE8}") = "Exercise", "Exercise", "{02EA681E-C7D8-13C7-8484-4AC65E1B71E8}"
EndProject
Global
	GlobalSection(SolutionConfigurationPlatforms) = preSolution
		Debug|Any CPU = Debug|Any CPU
		Release|Any CPU = Release|Any CPU
	EndGlobalSection
	GlobalSection(ProjectConfigurationPlatforms) = postSolution
		{CB63C8AA-FB80-468E-8A0A-CB54BC8E7116}.Debug|Any CPU.ActiveCfg = Debug|Any CPU
		{CB63C8AA-FB80-468E-8A0A-CB54BC8E7116}.Debug|Any CPU.Build.0 = Debug|Any CPU
		{CB63C8AA-FB80-468E-8A0A-CB54BC8E7116}.Release|Any CPU.ActiveCfg = Release|Any CPU
		{CB63C8AA-FB80-468E-8A0A-CB54BC8E7116}.Release|Any CPU.Build.0 = Release|Any CPU
		{3591C824-C85A-4251-9BFD-0103F26D8574}.Debug|Any CPU.ActiveCfg = Debug|Any CPU
		{3591C824-C85A-4251-9BFD-0103F26D8574}.Debug|Any CPU.Build.0 = Debug|Any CPU
		{3591C824-C85A-4251-9BFD-0103F26D8574}.Release|Any CPU.ActiveCfg = Release|Any CPU
		{3591C824-C85A-4251-9BFD-0103F26D8574}.Release|Any CPU.Build.0 = Release|Any CPU
		{05123F8A-ECC9-4F8B-83A0-6BC0C8C79461}.Debug|Any CPU.ActiveCfg = Debug|Any CPU
		{05123F8A-ECC9-4F8B-83A0-6BC0C8C79461}.Debug|Any CPU.Build.0 = Debug|Any CPU
		{05123F8A-ECC9-4F8B-83A0-6BC0C8C79461}.Release|Any CPU.ActiveCfg = Release|Any CPU
		{05123F8A-ECC9-4F8B-83A0-6BC0C8C79461}.Release|Any CPU.Build.0 = Release|Any CPU
		{9D311D5F-FF7C-4483-B2BC-ED289216C3D5}.Debug|Any CPU.ActiveCfg = Debug|Any CPU
		{9D311D5F-FF7C-4483-B2BC-ED289216C3D5}.Debug|Any CPU.Build.0 = Debug|Any CPU
		{9D311D5F-FF7C-4483-B2BC-ED289216C3D5}.Release|Any CPU.ActiveCfg = Release|Any CPU
		{9D311D5F-FF7C-4483-B2BC-ED289216C3D5}.Release|Any CPU.Build.0 = Release|Any CPU
		{952D33A2-1F0E-4550-8289-0D47BDFD575F}.Debug|Any CPU.ActiveCfg = Debug|Any CPU
		{952D33A2-1F0E-4550-8289-0D47BDFD575F}.Debug|Any CPU.Build.0 = Debug|Any CPU
		{952D33A2-1F0E-4550-8289-0D47BDFD575F}.Release|Any CPU.ActiveCfg = Release|Any CPU
		{952D33A2-1F0E-4550-8289-0D47BDFD575F}.Release|Any CPU.Build.0 = Release|Any CPU
		{9CEF7AAC-C641-4E69-A40D-8B41B709ED3F}.Debug|Any CPU.ActiveCfg = Debug|Any CPU
		{9CEF7AAC-C641-4E69-A40D-8B41B709ED3F}.Debug|Any CPU.Build.0 = Debug|Any CPU
		{9CEF7AAC-C641-4E69-A40D-8B41B709ED3F}.Release|Any CPU.ActiveCfg = Release|Any CPU
		{9CEF7AAC-C641-4E69-A40D-8B41B709ED3F}.Release|Any CPU.Build.0 = Release|Any CPU
		{6D20FA22-D7E4-4298-8C47-A0F08E9EF2C2}.Debug|Any CPU.ActiveCfg = Debug|Any CPU
		{6D20FA22-D7E4-4298-8C47-A0F08E9EF2C2}.Debug|Any CPU.Build.0 = Debug|Any CPU
		{6D20FA22-D7E4-4298-8C47-A0F08E9EF2C2}.Release|Any CPU.ActiveCfg = Release|Any CPU
		{6D20FA22-D7E4-4298-8C47-A0F08E9EF2C2}.Release|Any CPU.Build.0 = Release|Any CPU
		{234BAFF8-655F-4719-AA0A-3B90D649903C}.Debug|Any CPU.ActiveCfg = Debug|Any CPU
		{234BAFF8-655F-4719-AA0A-3B90D649903C}.Debug|Any CPU.Build.0 = Debug|Any CPU
		{234BAFF8-655F-4719-AA0A-3B90D649903C}.Release|Any CPU.ActiveCfg = Release|Any CPU
		{234BAFF8-655F-4719-AA0A-3B90D649903C}.Release|Any CPU.Build.0 = Release|Any CPU
		{5E036F42-7C01-4EC9-B73C-C83388C89207}.Debug|Any CPU.ActiveCfg = Debug|Any CPU
		{5E036F42-7C01-4EC9-B73C-C83388C89207}.Debug|Any CPU.Build.0 = Debug|Any CPU
		{5E036F42-7C01-4EC9-B73C-C83388C89207}.Release|Any CPU.ActiveCfg = Release|Any CPU
		{5E036F42-7C01-4EC9-B73C-C83388C89207}.Release|Any CPU.Build.0 = Release|Any CPU
		{BAEC5E93-76DC-4297-8DA6-B7BBB7C02971}.Debug|Any CPU.ActiveCfg = Debug|Any CPU
		{BAEC5E93-76DC-4297-8DA6-B7BBB7C02971}.Debug|Any CPU.Build.0 = Debug|Any CPU
		{BAEC5E93-76DC-4297-8DA6-B7BBB7C02971}.Release|Any CPU.ActiveCfg = Release|Any CPU
		{BAEC5E93-76DC-4297-8DA6-B7BBB7C02971}.Release|Any CPU.Build.0 = Release|Any CPU
		{6C25A6F7-294A-4354-A510-8302812992DE}.Debug|Any CPU.ActiveCfg = Debug|Any CPU
		{6C25A6F7-294A-4354-A510-8302812992DE}.Debug|Any CPU.Build.0 = Debug|Any CPU
		{6C25A6F7-294A-4354-A510-8302812992DE}.Release|Any CPU.ActiveCfg = Release|Any CPU
		{6C25A6F7-294A-4354-A510-8302812992DE}.Release|Any CPU.Build.0 = Release|Any CPU
	EndGlobalSection
	GlobalSection(SolutionProperties) = preSolution
		HideSolutionNode = FALSE
	EndGlobalSection
	GlobalSection(NestedProjects) = preSolution
		{6C25A6F7-294A-4354-A510-8302812992DE} = {02EA681E-C7D8-13C7-8484-4AC65E1B71E8}
	EndGlobalSection
	GlobalSection(ExtensibilityGlobals) = postSolution
		SolutionGuid = {A33B6254-307A-42D3-A589-B8BD43281CD5}
	EndGlobalSection
EndGlobal
